
Microsoft Visual Studio Solution File, Format Version 12.00
# Visual Studio 14
VisualStudioVersion = 14.0.25420.1
MinimumVisualStudioVersion = 10.0.40219.1
Project("{FAE04EC0-301F-11D3-BF4B-00C04F79EFBC}") = "SchoolManager", "SchoolManager\SchoolManager.csproj", "{5F0C578C-DF6A-42A8-AE56-7D8B62EE8D23}"
EndProject
Project("{FAE04EC0-301F-11D3-BF4B-00C04F79EFBC}") = "CL_Database", "CL_Database\CL_Database.csproj", "{0EAD0B15-AF9D-4DA2-A746-6B1DAC52F96A}"
EndProject
Global
	GlobalSection(SolutionConfigurationPlatforms) = preSolution
		Debug|Any CPU = Debug|Any CPU
		Release|Any CPU = Release|Any CPU
	EndGlobalSection
	GlobalSection(ProjectConfigurationPlatforms) = postSolution
		{5F0C578C-DF6A-42A8-AE56-7D8B62EE8D23}.Debug|Any CPU.ActiveCfg = Debug|Any CPU
		{5F0C578C-DF6A-42A8-AE56-7D8B62EE8D23}.Debug|Any CPU.Build.0 = Debug|Any CPU
		{5F0C578C-DF6A-42A8-AE56-7D8B62EE8D23}.Release|Any CPU.ActiveCfg = Release|Any CPU
		{5F0C578C-DF6A-42A8-AE56-7D8B62EE8D23}.Release|Any CPU.Build.0 = Release|Any CPU
		{0EAD0B15-AF9D-4DA2-A746-6B1DAC52F96A}.Debug|Any CPU.ActiveCfg = Debug|Any CPU
		{0EAD0B15-AF9D-4DA2-A746-6B1DAC52F96A}.Debug|Any CPU.Build.0 = Debug|Any CPU
		{0EAD0B15-AF9D-4DA2-A746-6B1DAC52F96A}.Release|Any CPU.ActiveCfg = Release|Any CPU
		{0EAD0B15-AF9D-4DA2-A746-6B1DAC52F96A}.Release|Any CPU.Build.0 = Release|Any CPU
	EndGlobalSection
	GlobalSection(SolutionProperties) = preSolution
		HideSolutionNode = FALSE
	EndGlobalSection
EndGlobal
